// !$*UTF8*$!
{
	archiveVersion = 1;
	classes = {
	};
	objectVersion = 46;
	objects = {

/* Begin PBXBuildFile section */
		7D2E9AF11E69464E00792402 /* main.m in Sources */ = {isa = PBXBuildFile; fileRef = 7D2E9AF01E69464E00792402 /* main.m */; };
		7D2E9AF41E69464E00792402 /* AppDelegate.m in Sources */ = {isa = PBXBuildFile; fileRef = 7D2E9AF31E69464E00792402 /* AppDelegate.m */; };
		7D2E9AF71E69464E00792402 /* ViewController.m in Sources */ = {isa = PBXBuildFile; fileRef = 7D2E9AF61E69464E00792402 /* ViewController.m */; };
		7D2E9AFA1E69464E00792402 /* Main.storyboard in Resources */ = {isa = PBXBuildFile; fileRef = 7D2E9AF81E69464E00792402 /* Main.storyboard */; };
		7D2E9AFC1E69464E00792402 /* Assets.xcassets in Resources */ = {isa = PBXBuildFile; fileRef = 7D2E9AFB1E69464E00792402 /* Assets.xcassets */; };
		7D2E9AFF1E69464E00792402 /* LaunchScreen.storyboard in Resources */ = {isa = PBXBuildFile; fileRef = 7D2E9AFD1E69464E00792402 /* LaunchScreen.storyboard */; };
		7D2E9B081E69468A00792402 /* ImageCompress.m in Sources */ = {isa = PBXBuildFile; fileRef = 7D2E9B071E69468A00792402 /* ImageCompress.m */; };
		7D2E9B0A1E6983FE00792402 /* Comics-BG-iphone-4s-wallpaper-ilikewallpaper_com.jpg in Resources */ = {isa = PBXBuildFile; fileRef = 7D2E9B091E6983FE00792402 /* Comics-BG-iphone-4s-wallpaper-ilikewallpaper_com.jpg */; };
/* End PBXBuildFile section */

/* Begin PBXFileReference section */
		7D2E9AEC1E69464E00792402 /* iOSImageEditor.app */ = {isa = PBXFileReference; explicitFileType = wrapper.application; includeInIndex = 0; path = iOSImageEditor.app; sourceTree = BUILT_PRODUCTS_DIR; };
		7D2E9AF01E69464E00792402 /* main.m */ = {isa = PBXFileReference; lastKnownFileType = sourcecode.c.objc; path = main.m; sourceTree = "<group>"; };
		7D2E9AF21E69464E00792402 /* AppDelegate.h */ = {isa = PBXFileReference; lastKnownFileType = sourcecode.c.h; path = AppDelegate.h; sourceTree = "<group>"; };
		7D2E9AF31E69464E00792402 /* AppDelegate.m */ = {isa = PBXFileReference; lastKnownFileType = sourcecode.c.objc; path = AppDelegate.m; sourceTree = "<group>"; };
		7D2E9AF51E69464E00792402 /* ViewController.h */ = {isa = PBXFileReference; lastKnownFileType = sourcecode.c.h; path = ViewController.h; sourceTree = "<group>"; };
		7D2E9AF61E69464E00792402 /* ViewController.m */ = {isa = PBXFileReference; lastKnownFileType = sourcecode.c.objc; path = ViewController.m; sourceTree = "<group>"; };
		7D2E9AF91E69464E00792402 /* Base */ = {isa = PBXFileReference; lastKnownFileType = file.storyboard; name = Base; path = Base.lproj/Main.storyboard; sourceTree = "<group>"; };
		7D2E9AFB1E69464E00792402 /* Assets.xcassets */ = {isa = PBXFileReference; lastKnownFileType = folder.assetcatalog; path = Assets.xcassets; sourceTree = "<group>"; };
		7D2E9AFE1E69464E00792402 /* Base */ = {isa = PBXFileReference; lastKnownFileType = file.storyboard; name = Base; path = Base.lproj/LaunchScreen.storyboard; sourceTree = "<group>"; };
		7D2E9B001E69464E00792402 /* Info.plist */ = {isa = PBXFileReference; lastKnownFileType = text.plist.xml; path = Info.plist; sourceTree = "<group>"; };
		7D2E9B061E69468A00792402 /* ImageCompress.h */ = {isa = PBXFileReference; fileEncoding = 4; lastKnownFileType = sourcecode.c.h; path = ImageCompress.h; sourceTree = "<group>"; };
		7D2E9B071E69468A00792402 /* ImageCompress.m */ = {isa = PBXFileReference; fileEncoding = 4; lastKnownFileType = sourcecode.c.objc; path = ImageCompress.m; sourceTree = "<group>"; };
		7D2E9B091E6983FE00792402 /* Comics-BG-iphone-4s-wallpaper-ilikewallpaper_com.jpg */ = {isa = PBXFileReference; lastKnownFileType = image.jpeg; path = "Comics-BG-iphone-4s-wallpaper-ilikewallpaper_com.jpg"; sourceTree = "<group>"; };
/* End PBXFileReference section */

/* Begin PBXFrameworksBuildPhase section */
		7D2E9AE91E69464E00792402 /* Frameworks */ = {
			isa = PBXFrameworksBuildPhase;
			buildActionMask = 2147483647;
			files = (
			);
			runOnlyForDeploymentPostprocessing = 0;
		};
/* End PBXFrameworksBuildPhase section */

/* Begin PBXGroup section */
		7D2E9AE31E69464E00792402 = {
			isa = PBXGroup;
			children = (
				7D2E9AEE1E69464E00792402 /* iOSImageEditor */,
				7D2E9AED1E69464E00792402 /* Products */,
			);
			sourceTree = "<group>";
		};
		7D2E9AED1E69464E00792402 /* Products */ = {
			isa = PBXGroup;
			children = (
				7D2E9AEC1E69464E00792402 /* iOSImageEditor.app */,
			);
			name = Products;
			sourceTree = "<group>";
		};
		7D2E9AEE1E69464E00792402 /* iOSImageEditor */ = {
			isa = PBXGroup;
			children = (
				7D2E9AF21E69464E00792402 /* AppDelegate.h */,
				7D2E9AF31E69464E00792402 /* AppDelegate.m */,
				7D2E9AF51E69464E00792402 /* ViewController.h */,
				7D2E9AF61E69464E00792402 /* ViewController.m */,
				7D2E9B061E69468A00792402 /* ImageCompress.h */,
				7D2E9B071E69468A00792402 /* ImageCompress.m */,
				7D2E9AF81E69464E00792402 /* Main.storyboard */,
				7D2E9AFB1E69464E00792402 /* Assets.xcassets */,
				7D2E9AFD1E69464E00792402 /* LaunchScreen.storyboard */,
				7D2E9B091E6983FE00792402 /* Comics-BG-iphone-4s-wallpaper-ilikewallpaper_com.jpg */,
				7D2E9B001E69464E00792402 /* Info.plist */,
				7D2E9AEF1E69464E00792402 /* Supporting Files */,
			);
			path = iOSImageEditor;
			sourceTree = "<group>";
		};
		7D2E9AEF1E69464E00792402 /* Supporting Files */ = {
			isa = PBXGroup;
			children = (
				7D2E9AF01E69464E00792402 /* main.m */,
			);
			name = "Supporting Files";
			sourceTree = "<group>";
		};
/* End PBXGroup section */

/* Begin PBXNativeTarget section */
		7D2E9AEB1E69464E00792402 /* iOSImageEditor */ = {
			isa = PBXNativeTarget;
			buildConfigurationList = 7D2E9B031E69464E00792402 /* Build configuration list for PBXNativeTarget "iOSImageEditor" */;
			buildPhases = (
				7D2E9AE81E69464E00792402 /* Sources */,
				7D2E9AE91E69464E00792402 /* Frameworks */,
				7D2E9AEA1E69464E00792402 /* Resources */,
			);
			buildRules = (
			);
			dependencies = (
			);
			name = iOSImageEditor;
			productName = iOSImageEditor;
			productReference = 7D2E9AEC1E69464E00792402 /* iOSImageEditor.app */;
			productType = "com.apple.product-type.application";
		};
/* End PBXNativeTarget section */

/* Begin PBXProject section */
		7D2E9AE41E69464E00792402 /* Project object */ = {
			isa = PBXProject;
			attributes = {
				LastUpgradeCheck = 0820;
				ORGANIZATIONNAME = "Lalit Kant";
				TargetAttributes = {
					7D2E9AEB1E69464E00792402 = {
						CreatedOnToolsVersion = 8.2.1;
						ProvisioningStyle = Automatic;
					};
				};
			};
			buildConfigurationList = 7D2E9AE71E69464E00792402 /* Build configuration list for PBXProject "iOSImageEditor" */;
			compatibilityVersion = "Xcode 3.2";
			developmentRegion = English;
			hasScannedForEncodings = 0;
			knownRegions = (
				en,
				Base,
			);
			mainGroup = 7D2E9AE31E69464E00792402;
			productRefGroup = 7D2E9AED1E69464E00792402 /* Products */;
			projectDirPath = "";
			projectRoot = "";
			targets = (
				7D2E9AEB1E69464E00792402 /* iOSImageEditor */,
			);
		};
/* End PBXProject section */

/* Begin PBXResourcesBuildPhase section */
		7D2E9AEA1E69464E00792402 /* Resources */ = {
			isa = PBXResourcesBuildPhase;
			buildActionMask = 2147483647;
			files = (
				7D2E9AFF1E69464E00792402 /* LaunchScreen.storyboard in Resources */,
				7D2E9B0A1E6983FE00792402 /* Comics-BG-iphone-4s-wallpaper-ilikewallpaper_com.jpg in Resources */,
				7D2E9AFC1E69464E00792402 /* Assets.xcassets in Resources */,
				7D2E9AFA1E69464E00792402 /* Main.storyboard in Resources */,
			);
			runOnlyForDeploymentPostprocessing = 0;
		};
/* End PBXResourcesBuildPhase section */

/* Begin PBXSourcesBuildPhase section */
		7D2E9AE81E69464E00792402 /* Sources */ = {
			isa = PBXSourcesBuildPhase;
			buildActionMask = 2147483647;
			files = (
				7D2E9AF71E69464E00792402 /* ViewController.m in Sources */,
				7D2E9B081E69468A00792402 /* ImageCompress.m in Sources */,
				7D2E9AF41E69464E00792402 /* AppDelegate.m in Sources */,
				7D2E9AF11E69464E00792402 /* main.m in Sources */,
			);
			runOnlyForDeploymentPostprocessing = 0;
		};
/* End PBXSourcesBuildPhase section */

/* Begin PBXVariantGroup section */
		7D2E9AF81E69464E00792402 /* Main.storyboard */ = {
			isa = PBXVariantGroup;
			children = (
				7D2E9AF91E69464E00792402 /* Base */,
			);
			name = Main.storyboard;
			sourceTree = "<group>";
		};
		7D2E9AFD1E69464E00792402 /* LaunchScreen.storyboard */ = {
			isa = PBXVariantGroup;
			children = (
				7D2E9AFE1E69464E00792402 /* Base */,
			);
			name = LaunchScreen.storyboard;
			sourceTree = "<group>";
		};
/* End PBXVariantGroup section */

/* Begin XCBuildConfiguration section */
		7D2E9B011E69464E00792402 /* Debug */ = {
			isa = XCBuildConfiguration;
			buildSettings = {
				ALWAYS_SEARCH_USER_PATHS = NO;
				CLANG_ANALYZER_NONNULL = YES;
				CLANG_CXX_LANGUAGE_STANDARD = "gnu++0x";
				CLANG_CXX_LIBRARY = "libc++";
				CLANG_ENABLE_MODULES = YES;
				CLANG_ENABLE_OBJC_ARC = YES;
				CLANG_WARN_BOOL_CONVERSION = YES;
				CLANG_WARN_CONSTANT_CONVERSION = YES;
				CLANG_WARN_DIRECT_OBJC_ISA_USAGE = YES_ERROR;
				CLANG_WARN_DOCUMENTATION_COMMENTS = YES;
				CLANG_WARN_EMPTY_BODY = YES;
				CLANG_WARN_ENUM_CONVERSION = YES;
				CLANG_WARN_INFINITE_RECURSION = YES;
				CLANG_WARN_INT_CONVERSION = YES;
				CLANG_WARN_OBJC_ROOT_CLASS = YES_ERROR;
				CLANG_WARN_SUSPICIOUS_MOVE = YES;
				CLANG_WARN_UNREACHABLE_CODE = YES;
				CLANG_WARN__DUPLICATE_METHOD_MATCH = YES;
				"CODE_SIGN_IDENTITY[sdk=iphoneos*]" = "iPhone Developer";
				COPY_PHASE_STRIP = NO;
				DEBUG_INFORMATION_FORMAT = dwarf;
				ENABLE_STRICT_OBJC_MSGSEND = YES;
				ENABLE_TESTABILITY = YES;
				GCC_C_LANGUAGE_STANDARD = gnu99;
				GCC_DYNAMIC_NO_PIC = NO;
				GCC_NO_COMMON_BLOCKS = YES;
				GCC_OPTIMIZATION_LEVEL = 0;
				GCC_PREPROCESSOR_DEFINITIONS = (
					"DEBUG=1",
					"$(inherited)",
				);
				GCC_WARN_64_TO_32_BIT_CONVERSION = YES;
				GCC_WARN_ABOUT_RETURN_TYPE = YES_ERROR;
				GCC_WARN_UNDECLARED_SELECTOR = YES;
				GCC_WARN_UNINITIALIZED_AUTOS = YES_AGGRESSIVE;
				GCC_WARN_UNUSED_FUNCTION = YES;
				GCC_WARN_UNUSED_VARIABLE = YES;
				IPHONEOS_DEPLOYMENT_TARGET = 10.2;
				MTL_ENABLE_DEBUG_INFO = YES;
				ONLY_ACTIVE_ARCH = YES;
				SDKROOT = iphoneos;
			};
			name = Debug;
		};
		7D2E9B021E69464E00792402 /* Release */ = {
			isa = XCBuildConfiguration;
			buildSettings = {
				ALWAYS_SEARCH_USER_PATHS = NO;
				CLANG_ANALYZER_NONNULL = YES;
				CLANG_CXX_LANGUAGE_STANDARD = "gnu++0x";
				CLANG_CXX_LIBRARY = "libc++";
				CLANG_ENABLE_MODULES = YES;
				CLANG_ENABLE_OBJC_ARC = YES;
				CLANG_WARN_BOOL_CONVERSION = YES;
				CLANG_WARN_CONSTANT_CONVERSION = YES;
				CLANG_WARN_DIRECT_OBJC_ISA_USAGE = YES_ERROR;
				CLANG_WARN_DOCUMENTATION_COMMENTS = YES;
				CLANG_WARN_EMPTY_BODY = YES;
				CLANG_WARN_ENUM_CONVERSION = YES;
				CLANG_WARN_INFINITE_RECURSION = YES;
				CLANG_WARN_INT_CONVERSION = YES;
				CLANG_WARN_OBJC_ROOT_CLASS = YES_ERROR;
				CLANG_WARN_SUSPICIOUS_MOVE = YES;
				CLANG_WARN_UNREACHABLE_CODE = YES;
				CLANG_WARN__DUPLICATE_METHOD_MATCH = YES;
				"CODE_SIGN_IDENTITY[sdk=iphoneos*]" = "iPhone Developer";
				COPY_PHASE_STRIP = NO;
				DEBUG_INFORMATION_FORMAT = "dwarf-with-dsym";
				ENABLE_NS_ASSERTIONS = NO;
				ENABLE_STRICT_OBJC_MSGSEND = YES;
				GCC_C_LANGUAGE_STANDARD = gnu99;
				GCC_NO_COMMON_BLOCKS = YES;
				GCC_WARN_64_TO_32_BIT_CONVERSION = YES;
				GCC_WARN_ABOUT_RETURN_TYPE = YES_ERROR;
				GCC_WARN_UNDECLARED_SELECTOR = YES;
				GCC_WARN_UNINITIALIZED_AUTOS = YES_AGGRESSIVE;
				GCC_WARN_UNUSED_FUNCTION = YES;
				GCC_WARN_UNUSED_VARIABLE = YES;
				IPHONEOS_DEPLOYMENT_TARGET = 10.2;
				MTL_ENABLE_DEBUG_INFO = NO;
				SDKROOT = iphoneos;
				VALIDATE_PRODUCT = YES;
			};
			name = Release;
		};
		7D2E9B041E69464E00792402 /* Debug */ = {
			isa = XCBuildConfiguration;
			buildSettings = {
				ASSETCATALOG_COMPILER_APPICON_NAME = AppIcon;
				DEVELOPMENT_TEAM = "";
				INFOPLIST_FILE = iOSImageEditor/Info.plist;
				LD_RUNPATH_SEARCH_PATHS = "$(inherited) @executable_path/Frameworks";
				PRODUCT_BUNDLE_IDENTIFIER = se.app.iOSImageEditor;
				PRODUCT_NAME = "$(TARGET_NAME)";
			};
			name = Debug;
		};
		7D2E9B051E69464E00792402 /* Release */ = {
			isa = XCBuildConfiguration;
			buildSettings = {
				ASSETCATALOG_COMPILER_APPICON_NAME = AppIcon;
				DEVELOPMENT_TEAM = "";
				INFOPLIST_FILE = iOSImageEditor/Info.plist;
				LD_RUNPATH_SEARCH_PATHS = "$(inherited) @executable_path/Frameworks";
				PRODUCT_BUNDLE_IDENTIFIER = se.app.iOSImageEditor;
				PRODUCT_NAME = "$(TARGET_NAME)";
			};
			name = Release;
		};
/* End XCBuildConfiguration section */

/* Begin XCConfigurationList section */
		7D2E9AE71E69464E00792402 /* Build configuration list for PBXProject "iOSImageEditor" */ = {
			isa = XCConfigurationList;
			buildConfigurations = (
				7D2E9B011E69464E00792402 /* Debug */,
				7D2E9B021E69464E00792402 /* Release */,
			);
			defaultConfigurationIsVisible = 0;
			defaultConfigurationName = Release;
		};
		7D2E9B031E69464E00792402 /* Build configuration list for PBXNativeTarget "iOSImageEditor" */ = {
			isa = XCConfigurationList;
			buildConfigurations = (
				7D2E9B041E69464E00792402 /* Debug */,
				7D2E9B051E69464E00792402 /* Release */,
			);
			defaultConfigurationIsVisible = 0;
			defaultConfigurationName = Release;
		};
/* End XCConfigurationList section */
	};
	rootObject = 7D2E9AE41E69464E00792402 /* Project object */;
}
